// !$*UTF8*$!
{
	archiveVersion = 1;
	classes = {
	};
	objectVersion = 46;
	objects = {

/* Begin PBXBuildFile section */
		A0B58F231C7B0E0500117801 /* AppDelegate.swift in Sources */ = {isa = PBXBuildFile; fileRef = A0B58F221C7B0E0500117801 /* AppDelegate.swift */; };
		A0B58F251C7B0E0500117801 /* FoodViewController.swift in Sources */ = {isa = PBXBuildFile; fileRef = A0B58F241C7B0E0500117801 /* FoodViewController.swift */; };
		A0B58F281C7B0E0500117801 /* Main.storyboard in Resources */ = {isa = PBXBuildFile; fileRef = A0B58F261C7B0E0500117801 /* Main.storyboard */; };
		A0B58F2A1C7B0E0500117801 /* Assets.xcassets in Resources */ = {isa = PBXBuildFile; fileRef = A0B58F291C7B0E0500117801 /* Assets.xcassets */; };
		A0B58F2D1C7B0E0500117801 /* LaunchScreen.storyboard in Resources */ = {isa = PBXBuildFile; fileRef = A0B58F2B1C7B0E0500117801 /* LaunchScreen.storyboard */; };
		A0B58F381C7B0E0500117801 /* FavoriteFoodTests.swift in Sources */ = {isa = PBXBuildFile; fileRef = A0B58F371C7B0E0500117801 /* FavoriteFoodTests.swift */; };
		A0B58F431C7B0F1700117801 /* RatingControl.swift in Sources */ = {isa = PBXBuildFile; fileRef = A0B58F421C7B0F1700117801 /* RatingControl.swift */; };
		A0B58F451C7B0F7000117801 /* Food.swift in Sources */ = {isa = PBXBuildFile; fileRef = A0B58F441C7B0F7000117801 /* Food.swift */; };
		A0B58F471C7B107000117801 /* FoodTableViewCell.swift in Sources */ = {isa = PBXBuildFile; fileRef = A0B58F461C7B107000117801 /* FoodTableViewCell.swift */; };
		A0B58F491C7B108400117801 /* FoodTableViewController.swift in Sources */ = {isa = PBXBuildFile; fileRef = A0B58F481C7B108400117801 /* FoodTableViewController.swift */; };
/* End PBXBuildFile section */

/* Begin PBXContainerItemProxy section */
		A0B58F341C7B0E0500117801 /* PBXContainerItemProxy */ = {
			isa = PBXContainerItemProxy;
			containerPortal = A0B58F171C7B0E0500117801 /* Project object */;
			proxyType = 1;
			remoteGlobalIDString = A0B58F1E1C7B0E0500117801;
			remoteInfo = FavoriteFood;
		};
/* End PBXContainerItemProxy section */

/* Begin PBXFileReference section */
		A0B58F1F1C7B0E0500117801 /* FavoriteFood.app */ = {isa = PBXFileReference; explicitFileType = wrapper.application; includeInIndex = 0; path = FavoriteFood.app; sourceTree = BUILT_PRODUCTS_DIR; };
		A0B58F221C7B0E0500117801 /* AppDelegate.swift */ = {isa = PBXFileReference; lastKnownFileType = sourcecode.swift; path = AppDelegate.swift; sourceTree = "<group>"; };
		A0B58F241C7B0E0500117801 /* FoodViewController.swift */ = {isa = PBXFileReference; lastKnownFileType = sourcecode.swift; path = FoodViewController.swift; sourceTree = "<group>"; };
		A0B58F271C7B0E0500117801 /* Base */ = {isa = PBXFileReference; lastKnownFileType = file.storyboard; name = Base; path = Base.lproj/Main.storyboard; sourceTree = "<group>"; };
		A0B58F291C7B0E0500117801 /* Assets.xcassets */ = {isa = PBXFileReference; lastKnownFileType = folder.assetcatalog; path = Assets.xcassets; sourceTree = "<group>"; };
		A0B58F2C1C7B0E0500117801 /* Base */ = {isa = PBXFileReference; lastKnownFileType = file.storyboard; name = Base; path = Base.lproj/LaunchScreen.storyboard; sourceTree = "<group>"; };
		A0B58F2E1C7B0E0500117801 /* Info.plist */ = {isa = PBXFileReference; lastKnownFileType = text.plist.xml; path = Info.plist; sourceTree = "<group>"; };
		A0B58F331C7B0E0500117801 /* FavoriteFoodTests.xctest */ = {isa = PBXFileReference; explicitFileType = wrapper.cfbundle; includeInIndex = 0; path = FavoriteFoodTests.xctest; sourceTree = BUILT_PRODUCTS_DIR; };
		A0B58F371C7B0E0500117801 /* FavoriteFoodTests.swift */ = {isa = PBXFileReference; lastKnownFileType = sourcecode.swift; path = FavoriteFoodTests.swift; sourceTree = "<group>"; };
		A0B58F391C7B0E0500117801 /* Info.plist */ = {isa = PBXFileReference; lastKnownFileType = text.plist.xml; path = Info.plist; sourceTree = "<group>"; };
		A0B58F421C7B0F1700117801 /* RatingControl.swift */ = {isa = PBXFileReference; fileEncoding = 4; lastKnownFileType = sourcecode.swift; path = RatingControl.swift; sourceTree = "<group>"; };
		A0B58F441C7B0F7000117801 /* Food.swift */ = {isa = PBXFileReference; fileEncoding = 4; lastKnownFileType = sourcecode.swift; path = Food.swift; sourceTree = "<group>"; };
		A0B58F461C7B107000117801 /* FoodTableViewCell.swift */ = {isa = PBXFileReference; fileEncoding = 4; lastKnownFileType = sourcecode.swift; path = FoodTableViewCell.swift; sourceTree = "<group>"; };
		A0B58F481C7B108400117801 /* FoodTableViewController.swift */ = {isa = PBXFileReference; fileEncoding = 4; lastKnownFileType = sourcecode.swift; path = FoodTableViewController.swift; sourceTree = "<group>"; };
/* End PBXFileReference section */

/* Begin PBXFrameworksBuildPhase section */
		A0B58F1C1C7B0E0500117801 /* Frameworks */ = {
			isa = PBXFrameworksBuildPhase;
			buildActionMask = 2147483647;
			files = (
			);
			runOnlyForDeploymentPostprocessing = 0;
		};
		A0B58F301C7B0E0500117801 /* Frameworks */ = {
			isa = PBXFrameworksBuildPhase;
			buildActionMask = 2147483647;
			files = (
			);
			runOnlyForDeploymentPostprocessing = 0;
		};
/* End PBXFrameworksBuildPhase section */

/* Begin PBXGroup section */
		A0B58F161C7B0E0500117801 = {
			isa = PBXGroup;
			children = (
				A0B58F211C7B0E0500117801 /* FavoriteFood */,
				A0B58F361C7B0E0500117801 /* FavoriteFoodTests */,
				A0B58F201C7B0E0500117801 /* Products */,
			);
			sourceTree = "<group>";
		};
		A0B58F201C7B0E0500117801 /* Products */ = {
			isa = PBXGroup;
			children = (
				A0B58F1F1C7B0E0500117801 /* FavoriteFood.app */,
				A0B58F331C7B0E0500117801 /* FavoriteFoodTests.xctest */,
			);
			name = Products;
			sourceTree = "<group>";
		};
		A0B58F211C7B0E0500117801 /* FavoriteFood */ = {
			isa = PBXGroup;
			children = (
				A0B58F221C7B0E0500117801 /* AppDelegate.swift */,
				A0B58F261C7B0E0500117801 /* Main.storyboard */,
				A0B58F241C7B0E0500117801 /* FoodViewController.swift */,
				A0B58F481C7B108400117801 /* FoodTableViewController.swift */,
				A0B58F421C7B0F1700117801 /* RatingControl.swift */,
				A0B58F441C7B0F7000117801 /* Food.swift */,
				A0B58F461C7B107000117801 /* FoodTableViewCell.swift */,
				A0B58F291C7B0E0500117801 /* Assets.xcassets */,
				A0B58F2B1C7B0E0500117801 /* LaunchScreen.storyboard */,
				A0B58F2E1C7B0E0500117801 /* Info.plist */,
			);
			path = FavoriteFood;
			sourceTree = "<group>";
		};
		A0B58F361C7B0E0500117801 /* FavoriteFoodTests */ = {
			isa = PBXGroup;
			children = (
				A0B58F371C7B0E0500117801 /* FavoriteFoodTests.swift */,
				A0B58F391C7B0E0500117801 /* Info.plist */,
			);
			path = FavoriteFoodTests;
			sourceTree = "<group>";
		};
/* End PBXGroup section */

/* Begin PBXNativeTarget section */
		A0B58F1E1C7B0E0500117801 /* FavoriteFood */ = {
			isa = PBXNativeTarget;
			buildConfigurationList = A0B58F3C1C7B0E0500117801 /* Build configuration list for PBXNativeTarget "FavoriteFood" */;
			buildPhases = (
				A0B58F1B1C7B0E0500117801 /* Sources */,
				A0B58F1C1C7B0E0500117801 /* Frameworks */,
				A0B58F1D1C7B0E0500117801 /* Resources */,
			);
			buildRules = (
			);
			dependencies = (
			);
			name = FavoriteFood;
			productName = FavoriteFood;
			productReference = A0B58F1F1C7B0E0500117801 /* FavoriteFood.app */;
			productType = "com.apple.product-type.application";
		};
		A0B58F321C7B0E0500117801 /* FavoriteFoodTests */ = {
			isa = PBXNativeTarget;
			buildConfigurationList = A0B58F3F1C7B0E0500117801 /* Build configuration list for PBXNativeTarget "FavoriteFoodTests" */;
			buildPhases = (
				A0B58F2F1C7B0E0500117801 /* Sources */,
				A0B58F301C7B0E0500117801 /* Frameworks */,
				A0B58F311C7B0E0500117801 /* Resources */,
			);
			buildRules = (
			);
			dependencies = (
				A0B58F351C7B0E0500117801 /* PBXTargetDependency */,
			);
			name = FavoriteFoodTests;
			productName = FavoriteFoodTests;
			productReference = A0B58F331C7B0E0500117801 /* FavoriteFoodTests.xctest */;
			productType = "com.apple.product-type.bundle.unit-test";
		};
/* End PBXNativeTarget section */

/* Begin PBXProject section */
		A0B58F171C7B0E0500117801 /* Project object */ = {
			isa = PBXProject;
			attributes = {
				LastSwiftUpdateCheck = 0720;
				LastUpgradeCheck = 0720;
				ORGANIZATIONNAME = Thomas.Tay.sg;
				TargetAttributes = {
					A0B58F1E1C7B0E0500117801 = {
						CreatedOnToolsVersion = 7.2.1;
						DevelopmentTeam = A779BZP6F4;
					};
					A0B58F321C7B0E0500117801 = {
						CreatedOnToolsVersion = 7.2.1;
						DevelopmentTeam = A779BZP6F4;
						TestTargetID = A0B58F1E1C7B0E0500117801;
					};
				};
			};
			buildConfigurationList = A0B58F1A1C7B0E0500117801 /* Build configuration list for PBXProject "FavoriteFood" */;
			compatibilityVersion = "Xcode 3.2";
			developmentRegion = English;
			hasScannedForEncodings = 0;
			knownRegions = (
				en,
				Base,
			);
			mainGroup = A0B58F161C7B0E0500117801;
			productRefGroup = A0B58F201C7B0E0500117801 /* Products */;
			projectDirPath = "";
			projectRoot = "";
			targets = (
				A0B58F1E1C7B0E0500117801 /* FavoriteFood */,
				A0B58F321C7B0E0500117801 /* FavoriteFoodTests */,
			);
		};
/* End PBXProject section */

/* Begin PBXResourcesBuildPhase section */
		A0B58F1D1C7B0E0500117801 /* Resources */ = {
			isa = PBXResourcesBuildPhase;
			buildActionMask = 2147483647;
			files = (
				A0B58F2D1C7B0E0500117801 /* LaunchScreen.storyboard in Resources */,
				A0B58F2A1C7B0E0500117801 /* Assets.xcassets in Resources */,
				A0B58F281C7B0E0500117801 /* Main.storyboard in Resources */,
			);
			runOnlyForDeploymentPostprocessing = 0;
		};
		A0B58F311C7B0E0500117801 /* Resources */ = {
			isa = PBXResourcesBuildPhase;
			buildActionMask = 2147483647;
			files = (
			);
			runOnlyForDeploymentPostprocessing = 0;
		};
/* End PBXResourcesBuildPhase section */

/* Begin PBXSourcesBuildPhase section */
		A0B58F1B1C7B0E0500117801 /* Sources */ = {
			isa = PBXSourcesBuildPhase;
			buildActionMask = 2147483647;
			files = (
				A0B58F251C7B0E0500117801 /* FoodViewController.swift in Sources */,
				A0B58F491C7B108400117801 /* FoodTableViewController.swift in Sources */,
				A0B58F451C7B0F7000117801 /* Food.swift in Sources */,
				A0B58F471C7B107000117801 /* FoodTableViewCell.swift in Sources */,
				A0B58F431C7B0F1700117801 /* RatingControl.swift in Sources */,
				A0B58F231C7B0E0500117801 /* AppDelegate.swift in Sources */,
			);
			runOnlyForDeploymentPostprocessing = 0;
		};
		A0B58F2F1C7B0E0500117801 /* Sources */ = {
			isa = PBXSourcesBuildPhase;
			buildActionMask = 2147483647;
			files = (
				A0B58F381C7B0E0500117801 /* FavoriteFoodTests.swift in Sources */,
			);
			runOnlyForDeploymentPostprocessing = 0;
		};
/* End PBXSourcesBuildPhase section */

/* Begin PBXTargetDependency section */
		A0B58F351C7B0E0500117801 /* PBXTargetDependency */ = {
			isa = PBXTargetDependency;
			target = A0B58F1E1C7B0E0500117801 /* FavoriteFood */;
			targetProxy = A0B58F341C7B0E0500117801 /* PBXContainerItemProxy */;
		};
/* End PBXTargetDependency section */

/* Begin PBXVariantGroup section */
		A0B58F261C7B0E0500117801 /* Main.storyboard */ = {
			isa = PBXVariantGroup;
			children = (
				A0B58F271C7B0E0500117801 /* Base */,
			);
			name = Main.storyboard;
			sourceTree = "<group>";
		};
		A0B58F2B1C7B0E0500117801 /* LaunchScreen.storyboard */ = {
			isa = PBXVariantGroup;
			children = (
				A0B58F2C1C7B0E0500117801 /* Base */,
			);
			name = LaunchScreen.storyboard;
			sourceTree = "<group>";
		};
/* End PBXVariantGroup section */

/* Begin XCBuildConfiguration section */
		A0B58F3A1C7B0E0500117801 /* Debug */ = {
			isa = XCBuildConfiguration;
			buildSettings = {
				ALWAYS_SEARCH_USER_PATHS = NO;
				CLANG_CXX_LANGUAGE_STANDARD = "gnu++0x";
				CLANG_CXX_LIBRARY = "libc++";
				CLANG_ENABLE_MODULES = YES;
				CLANG_ENABLE_OBJC_ARC = YES;
				CLANG_WARN_BOOL_CONVERSION = YES;
				CLANG_WARN_CONSTANT_CONVERSION = YES;
				CLANG_WARN_DIRECT_OBJC_ISA_USAGE = YES_ERROR;
				CLANG_WARN_EMPTY_BODY = YES;
				CLANG_WARN_ENUM_CONVERSION = YES;
				CLANG_WARN_INT_CONVERSION = YES;
				CLANG_WARN_OBJC_ROOT_CLASS = YES_ERROR;
				CLANG_WARN_UNREACHABLE_CODE = YES;
				CLANG_WARN__DUPLICATE_METHOD_MATCH = YES;
				"CODE_SIGN_IDENTITY[sdk=iphoneos*]" = "iPhone Developer";
				COPY_PHASE_STRIP = NO;
				DEBUG_INFORMATION_FORMAT = dwarf;
				ENABLE_STRICT_OBJC_MSGSEND = YES;
				ENABLE_TESTABILITY = YES;
				GCC_C_LANGUAGE_STANDARD = gnu99;
				GCC_DYNAMIC_NO_PIC = NO;
				GCC_NO_COMMON_BLOCKS = YES;
				GCC_OPTIMIZATION_LEVEL = 0;
				GCC_PREPROCESSOR_DEFINITIONS = (
					"DEBUG=1",
					"$(inherited)",
				);
				GCC_WARN_64_TO_32_BIT_CONVERSION = YES;
				GCC_WARN_ABOUT_RETURN_TYPE = YES_ERROR;
				GCC_WARN_UNDECLARED_SELECTOR = YES;
				GCC_WARN_UNINITIALIZED_AUTOS = YES_AGGRESSIVE;
				GCC_WARN_UNUSED_FUNCTION = YES;
				GCC_WARN_UNUSED_VARIABLE = YES;
				IPHONEOS_DEPLOYMENT_TARGET = 9.2;
				MTL_ENABLE_DEBUG_INFO = YES;
				ONLY_ACTIVE_ARCH = YES;
				SDKROOT = iphoneos;
				SWIFT_OPTIMIZATION_LEVEL = "-Onone";
				TARGETED_DEVICE_FAMILY = "1,2";
			};
			name = Debug;
		};
		A0B58F3B1C7B0E0500117801 /* Release */ = {
			isa = XCBuildConfiguration;
			buildSettings = {
				ALWAYS_SEARCH_USER_PATHS = NO;
				CLANG_CXX_LANGUAGE_STANDARD = "gnu++0x";
				CLANG_CXX_LIBRARY = "libc++";
				CLANG_ENABLE_MODULES = YES;
				CLANG_ENABLE_OBJC_ARC = YES;
				CLANG_WARN_BOOL_CONVERSION = YES;
				CLANG_WARN_CONSTANT_CONVERSION = YES;
				CLANG_WARN_DIRECT_OBJC_ISA_USAGE = YES_ERROR;
				CLANG_WARN_EMPTY_BODY = YES;
				CLANG_WARN_ENUM_CONVERSION = YES;
				CLANG_WARN_INT_CONVERSION = YES;
				CLANG_WARN_OBJC_ROOT_CLASS = YES_ERROR;
				CLANG_WARN_UNREACHABLE_CODE = YES;
				CLANG_WARN__DUPLICATE_METHOD_MATCH = YES;
				"CODE_SIGN_IDENTITY[sdk=iphoneos*]" = "iPhone Developer";
				COPY_PHASE_STRIP = NO;
				DEBUG_INFORMATION_FORMAT = "dwarf-with-dsym";
				ENABLE_NS_ASSERTIONS = NO;
				ENABLE_STRICT_OBJC_MSGSEND = YES;
				GCC_C_LANGUAGE_STANDARD = gnu99;
				GCC_NO_COMMON_BLOCKS = YES;
				GCC_WARN_64_TO_32_BIT_CONVERSION = YES;
				GCC_WARN_ABOUT_RETURN_TYPE = YES_ERROR;
				GCC_WARN_UNDECLARED_SELECTOR = YES;
				GCC_WARN_UNINITIALIZED_AUTOS = YES_AGGRESSIVE;
				GCC_WARN_UNUSED_FUNCTION = YES;
				GCC_WARN_UNUSED_VARIABLE = YES;
				IPHONEOS_DEPLOYMENT_TARGET = 9.2;
				MTL_ENABLE_DEBUG_INFO = NO;
				SDKROOT = iphoneos;
				TARGETED_DEVICE_FAMILY = "1,2";
				VALIDATE_PRODUCT = YES;
			};
			name = Release;
		};
		A0B58F3D1C7B0E0500117801 /* Debug */ = {
			isa = XCBuildConfiguration;
			buildSettings = {
				ASSETCATALOG_COMPILER_APPICON_NAME = AppIcon;
				INFOPLIST_FILE = FavoriteFood/Info.plist;
				LD_RUNPATH_SEARCH_PATHS = "$(inherited) @executable_path/Frameworks";
				PRODUCT_BUNDLE_IDENTIFIER = com.sg.tay.thomas.FavoriteFood;
				PRODUCT_NAME = "$(TARGET_NAME)";
				TARGETED_DEVICE_FAMILY = 1;
			};
			name = Debug;
		};
		A0B58F3E1C7B0E0500117801 /* Release */ = {
			isa = XCBuildConfiguration;
			buildSettings = {
				ASSETCATALOG_COMPILER_APPICON_NAME = AppIcon;
				INFOPLIST_FILE = FavoriteFood/Info.plist;
				LD_RUNPATH_SEARCH_PATHS = "$(inherited) @executable_path/Frameworks";
				PRODUCT_BUNDLE_IDENTIFIER = com.sg.tay.thomas.FavoriteFood;
				PRODUCT_NAME = "$(TARGET_NAME)";
				TARGETED_DEVICE_FAMILY = 1;
			};
			name = Release;
		};
		A0B58F401C7B0E0500117801 /* Debug */ = {
			isa = XCBuildConfiguration;
			buildSettings = {
				BUNDLE_LOADER = "$(TEST_HOST)";
				INFOPLIST_FILE = FavoriteFoodTests/Info.plist;
				LD_RUNPATH_SEARCH_PATHS = "$(inherited) @executable_path/Frameworks @loader_path/Frameworks";
				PRODUCT_BUNDLE_IDENTIFIER = com.sg.tay.thomas.FavoriteFoodTests;
				PRODUCT_NAME = "$(TARGET_NAME)";
				TEST_HOST = "$(BUILT_PRODUCTS_DIR)/FavoriteFood.app/FavoriteFood";
			};
			name = Debug;
		};
		A0B58F411C7B0E0500117801 /* Release */ = {
			isa = XCBuildConfiguration;
			buildSettings = {
				BUNDLE_LOADER = "$(TEST_HOST)";
				INFOPLIST_FILE = FavoriteFoodTests/Info.plist;
				LD_RUNPATH_SEARCH_PATHS = "$(inherited) @executable_path/Frameworks @loader_path/Frameworks";
				PRODUCT_BUNDLE_IDENTIFIER = com.sg.tay.thomas.FavoriteFoodTests;
				PRODUCT_NAME = "$(TARGET_NAME)";
				TEST_HOST = "$(BUILT_PRODUCTS_DIR)/FavoriteFood.app/FavoriteFood";
			};
			name = Release;
		};
/* End XCBuildConfiguration section */

/* Begin XCConfigurationList section */
		A0B58F1A1C7B0E0500117801 /* Build configuration list for PBXProject "FavoriteFood" */ = {
			isa = XCConfigurationList;
			buildConfigurations = (
				A0B58F3A1C7B0E0500117801 /* Debug */,
				A0B58F3B1C7B0E0500117801 /* Release */,
			);
			defaultConfigurationIsVisible = 0;
			defaultConfigurationName = Release;
		};
		A0B58F3C1C7B0E0500117801 /* Build configuration list for PBXNativeTarget "FavoriteFood" */ = {
			isa = XCConfigurationList;
			buildConfigurations = (
				A0B58F3D1C7B0E0500117801 /* Debug */,
				A0B58F3E1C7B0E0500117801 /* Release */,
			);
			defaultConfigurationIsVisible = 0;
		};
		A0B58F3F1C7B0E0500117801 /* Build configuration list for PBXNativeTarget "FavoriteFoodTests" */ = {
			isa = XCConfigurationList;
			buildConfigurations = (
				A0B58F401C7B0E0500117801 /* Debug */,
				A0B58F411C7B0E0500117801 /* Release */,
			);
			defaultConfigurationIsVisible = 0;
		};
/* End XCConfigurationList section */
	};
	rootObject = A0B58F171C7B0E0500117801 /* Project object */;
}
